// !$*UTF8*$!
{
	archiveVersion = 1;
	classes = {
	};
	objectVersion = 46;
	objects = {

/* Begin PBXBuildFile section */
		9A32ECD6170380E20089F567 /* Foundation.framework in Frameworks */ = {isa = PBXBuildFile; fileRef = 9A32ECC5170380280089F567 /* Foundation.framework */; };
		9A32ECDB170380E20089F567 /* MangoConnectTouch.h in CopyFiles */ = {isa = PBXBuildFile; fileRef = 9A32ECDA170380E20089F567 /* MangoConnectTouch.h */; };
		9A32ECDD170380E20089F567 /* MangoConnectTouch.m in Sources */ = {isa = PBXBuildFile; fileRef = 9A32ECDC170380E20089F567 /* MangoConnectTouch.m */; };
		9A32ECE6170380F60089F567 /* Cocoa.framework in Frameworks */ = {isa = PBXBuildFile; fileRef = 9A3F3AD616F15D8D00096E10 /* Cocoa.framework */; };
		9A32ECEC170380F60089F567 /* MangoConnectCocoa.m in Sources */ = {isa = PBXBuildFile; fileRef = 9A32ECEB170380F60089F567 /* MangoConnectCocoa.m */; };
		9A32ECF0170381860089F567 /* SystemConfiguration.framework in Frameworks */ = {isa = PBXBuildFile; fileRef = 9A3F3B7316F1622100096E10 /* SystemConfiguration.framework */; };
		9A32ECF11703818E0089F567 /* libxml2.dylib in Frameworks */ = {isa = PBXBuildFile; fileRef = 9A3F3B6B16F15FD000096E10 /* libxml2.dylib */; };
		9A32ECF2170381900089F567 /* libz.dylib in Frameworks */ = {isa = PBXBuildFile; fileRef = 9A3F3B6F16F1617300096E10 /* libz.dylib */; };
		9A32ECF3170381940089F567 /* libxml2.dylib in Frameworks */ = {isa = PBXBuildFile; fileRef = 9A3F3B6B16F15FD000096E10 /* libxml2.dylib */; };
		9A32ECF4170381960089F567 /* libz.dylib in Frameworks */ = {isa = PBXBuildFile; fileRef = 9A3F3B6F16F1617300096E10 /* libz.dylib */; };
/* End PBXBuildFile section */

/* Begin PBXCopyFilesBuildPhase section */
		9A32ECD3170380E20089F567 /* CopyFiles */ = {
			isa = PBXCopyFilesBuildPhase;
			buildActionMask = 2147483647;
			dstPath = "include/${PRODUCT_NAME}";
			dstSubfolderSpec = 16;
			files = (
				9A32ECDB170380E20089F567 /* MangoConnectTouch.h in CopyFiles */,
			);
			runOnlyForDeploymentPostprocessing = 0;
		};
/* End PBXCopyFilesBuildPhase section */

/* Begin PBXFileReference section */
		9A32ECC5170380280089F567 /* Foundation.framework */ = {isa = PBXFileReference; lastKnownFileType = wrapper.framework; name = Foundation.framework; path = System/Library/Frameworks/Foundation.framework; sourceTree = SDKROOT; };
		9A32ECD5170380E20089F567 /* libMangoConnectTouch.a */ = {isa = PBXFileReference; explicitFileType = archive.ar; includeInIndex = 0; path = libMangoConnectTouch.a; sourceTree = BUILT_PRODUCTS_DIR; };
		9A32ECD9170380E20089F567 /* MangoConnectTouch-Prefix.pch */ = {isa = PBXFileReference; lastKnownFileType = sourcecode.c.h; path = "MangoConnectTouch-Prefix.pch"; sourceTree = "<group>"; };
		9A32ECDA170380E20089F567 /* MangoConnectTouch.h */ = {isa = PBXFileReference; lastKnownFileType = sourcecode.c.h; path = MangoConnectTouch.h; sourceTree = "<group>"; };
		9A32ECDC170380E20089F567 /* MangoConnectTouch.m */ = {isa = PBXFileReference; lastKnownFileType = sourcecode.c.objc; path = MangoConnectTouch.m; sourceTree = "<group>"; };
		9A32ECE5170380F60089F567 /* MangoConnectCocoa.dylib */ = {isa = PBXFileReference; explicitFileType = "compiled.mach-o.dylib"; includeInIndex = 0; path = MangoConnectCocoa.dylib; sourceTree = BUILT_PRODUCTS_DIR; };
		9A32ECE9170380F60089F567 /* MangoConnectCocoa-Prefix.pch */ = {isa = PBXFileReference; lastKnownFileType = sourcecode.c.h; path = "MangoConnectCocoa-Prefix.pch"; sourceTree = "<group>"; };
		9A32ECEA170380F60089F567 /* MangoConnectCocoa.h */ = {isa = PBXFileReference; lastKnownFileType = sourcecode.c.h; path = MangoConnectCocoa.h; sourceTree = "<group>"; };
		9A32ECEB170380F60089F567 /* MangoConnectCocoa.m */ = {isa = PBXFileReference; lastKnownFileType = sourcecode.c.objc; path = MangoConnectCocoa.m; sourceTree = "<group>"; };
		9A3F3AD616F15D8D00096E10 /* Cocoa.framework */ = {isa = PBXFileReference; lastKnownFileType = wrapper.framework; name = Cocoa.framework; path = System/Library/Frameworks/Cocoa.framework; sourceTree = SDKROOT; };
		9A3F3AED16F15DF000096E10 /* MangoConnect.h */ = {isa = PBXFileReference; fileEncoding = 4; lastKnownFileType = sourcecode.c.h; path = MangoConnect.h; sourceTree = "<group>"; };
		9A3F3AF016F15DFE00096E10 /* MCRequestManager.h */ = {isa = PBXFileReference; fileEncoding = 4; lastKnownFileType = sourcecode.c.h; path = MCRequestManager.h; sourceTree = "<group>"; };
		9A3F3AF116F15DFE00096E10 /* MCRequestManager.m */ = {isa = PBXFileReference; fileEncoding = 4; lastKnownFileType = sourcecode.c.objc; path = MCRequestManager.m; sourceTree = "<group>"; };
		9A3F3AF216F15DFE00096E10 /* MCRequest.h */ = {isa = PBXFileReference; fileEncoding = 4; lastKnownFileType = sourcecode.c.h; path = MCRequest.h; sourceTree = "<group>"; };
		9A3F3AF316F15DFE00096E10 /* MCRequest.m */ = {isa = PBXFileReference; fileEncoding = 4; lastKnownFileType = sourcecode.c.objc; path = MCRequest.m; sourceTree = "<group>"; };
		9A3F3AF416F15DFE00096E10 /* MCRequestDelegate.h */ = {isa = PBXFileReference; fileEncoding = 4; lastKnownFileType = sourcecode.c.h; path = MCRequestDelegate.h; sourceTree = "<group>"; };
		9A3F3AF516F15DFE00096E10 /* MCResponse.h */ = {isa = PBXFileReference; fileEncoding = 4; lastKnownFileType = sourcecode.c.h; path = MCResponse.h; sourceTree = "<group>"; };
		9A3F3AF616F15DFE00096E10 /* MCResponse.m */ = {isa = PBXFileReference; fileEncoding = 4; lastKnownFileType = sourcecode.c.objc; path = MCResponse.m; sourceTree = "<group>"; };
		9A3F3AFF16F15E0C00096E10 /* MCModel.h */ = {isa = PBXFileReference; fileEncoding = 4; lastKnownFileType = sourcecode.c.h; path = MCModel.h; sourceTree = "<group>"; };
		9A3F3B0016F15E0C00096E10 /* MCModel.m */ = {isa = PBXFileReference; fileEncoding = 4; lastKnownFileType = sourcecode.c.objc; path = MCModel.m; sourceTree = "<group>"; };
		9A3F3B0116F15E0C00096E10 /* MCObject.h */ = {isa = PBXFileReference; fileEncoding = 4; lastKnownFileType = sourcecode.c.h; path = MCObject.h; sourceTree = "<group>"; };
		9A3F3B0216F15E0C00096E10 /* MCObject.m */ = {isa = PBXFileReference; fileEncoding = 4; lastKnownFileType = sourcecode.c.objc; path = MCObject.m; sourceTree = "<group>"; };
		9A3F3B0316F15E0C00096E10 /* MCObjectCollection.h */ = {isa = PBXFileReference; fileEncoding = 4; lastKnownFileType = sourcecode.c.h; path = MCObjectCollection.h; sourceTree = "<group>"; };
		9A3F3B0416F15E0C00096E10 /* MCObjectCollection.m */ = {isa = PBXFileReference; fileEncoding = 4; lastKnownFileType = sourcecode.c.objc; path = MCObjectCollection.m; sourceTree = "<group>"; };
		9A3F3B5616F15F7700096E10 /* TBXML.h */ = {isa = PBXFileReference; fileEncoding = 4; lastKnownFileType = sourcecode.c.h; path = TBXML.h; sourceTree = "<group>"; };
		9A3F3B5716F15F7700096E10 /* TBXML.m */ = {isa = PBXFileReference; fileEncoding = 4; lastKnownFileType = sourcecode.c.objc; path = TBXML.m; sourceTree = "<group>"; };
		9A3F3B5816F15F7700096E10 /* TBXML+Compression.h */ = {isa = PBXFileReference; fileEncoding = 4; lastKnownFileType = sourcecode.c.h; path = "TBXML+Compression.h"; sourceTree = "<group>"; };
		9A3F3B5916F15F7700096E10 /* TBXML+Compression.m */ = {isa = PBXFileReference; fileEncoding = 4; lastKnownFileType = sourcecode.c.objc; path = "TBXML+Compression.m"; sourceTree = "<group>"; };
		9A3F3B5A16F15F7700096E10 /* TBXML+HTTP.h */ = {isa = PBXFileReference; fileEncoding = 4; lastKnownFileType = sourcecode.c.h; path = "TBXML+HTTP.h"; sourceTree = "<group>"; };
		9A3F3B5B16F15F7700096E10 /* TBXML+HTTP.m */ = {isa = PBXFileReference; fileEncoding = 4; lastKnownFileType = sourcecode.c.objc; path = "TBXML+HTTP.m"; sourceTree = "<group>"; };
		9A3F3B6316F15FAC00096E10 /* NSString+Additions.h */ = {isa = PBXFileReference; fileEncoding = 4; lastKnownFileType = sourcecode.c.h; path = "NSString+Additions.h"; sourceTree = "<group>"; };
		9A3F3B6416F15FAC00096E10 /* NSString+Additions.m */ = {isa = PBXFileReference; fileEncoding = 4; lastKnownFileType = sourcecode.c.objc; path = "NSString+Additions.m"; sourceTree = "<group>"; };
		9A3F3B6716F15FBE00096E10 /* NSData+Base64.h */ = {isa = PBXFileReference; fileEncoding = 4; lastKnownFileType = sourcecode.c.h; path = "NSData+Base64.h"; sourceTree = "<group>"; };
		9A3F3B6816F15FBE00096E10 /* NSData+Base64.m */ = {isa = PBXFileReference; fileEncoding = 4; lastKnownFileType = sourcecode.c.objc; path = "NSData+Base64.m"; sourceTree = "<group>"; };
		9A3F3B6B16F15FD000096E10 /* libxml2.dylib */ = {isa = PBXFileReference; lastKnownFileType = "compiled.mach-o.dylib"; name = libxml2.dylib; path = usr/lib/libxml2.dylib; sourceTree = SDKROOT; };
		9A3F3B6F16F1617300096E10 /* libz.dylib */ = {isa = PBXFileReference; lastKnownFileType = "compiled.mach-o.dylib"; name = libz.dylib; path = usr/lib/libz.dylib; sourceTree = SDKROOT; };
		9A3F3B7316F1622100096E10 /* SystemConfiguration.framework */ = {isa = PBXFileReference; lastKnownFileType = wrapper.framework; name = SystemConfiguration.framework; path = System/Library/Frameworks/SystemConfiguration.framework; sourceTree = SDKROOT; };
		9A47576816F1E67D006A9B48 /* ASIHTTPRequestConfig.h */ = {isa = PBXFileReference; fileEncoding = 4; lastKnownFileType = sourcecode.c.h; path = ASIHTTPRequestConfig.h; sourceTree = "<group>"; };
		9A47576916F1E67D006A9B48 /* ASIProgressDelegate.h */ = {isa = PBXFileReference; fileEncoding = 4; lastKnownFileType = sourcecode.c.h; path = ASIProgressDelegate.h; sourceTree = "<group>"; };
		9A47576A16F1E67D006A9B48 /* ASIHTTPRequestDelegate.h */ = {isa = PBXFileReference; fileEncoding = 4; lastKnownFileType = sourcecode.c.h; path = ASIHTTPRequestDelegate.h; sourceTree = "<group>"; };
		9A47576B16F1E67D006A9B48 /* ASIInputStream.h */ = {isa = PBXFileReference; fileEncoding = 4; lastKnownFileType = sourcecode.c.h; path = ASIInputStream.h; sourceTree = "<group>"; };
		9A47576C16F1E67D006A9B48 /* ASIInputStream.m */ = {isa = PBXFileReference; fileEncoding = 4; lastKnownFileType = sourcecode.c.objc; path = ASIInputStream.m; sourceTree = "<group>"; };
		9A47576D16F1E67D006A9B48 /* ASIFormDataRequest.h */ = {isa = PBXFileReference; fileEncoding = 4; lastKnownFileType = sourcecode.c.h; path = ASIFormDataRequest.h; sourceTree = "<group>"; };
		9A47576E16F1E67D006A9B48 /* ASIFormDataRequest.m */ = {isa = PBXFileReference; fileEncoding = 4; lastKnownFileType = sourcecode.c.objc; path = ASIFormDataRequest.m; sourceTree = "<group>"; };
		9A47576F16F1E67D006A9B48 /* ASIHTTPRequest.h */ = {isa = PBXFileReference; fileEncoding = 4; lastKnownFileType = sourcecode.c.h; path = ASIHTTPRequest.h; sourceTree = "<group>"; };
		9A47577016F1E67D006A9B48 /* ASIHTTPRequest.m */ = {isa = PBXFileReference; fileEncoding = 4; lastKnownFileType = sourcecode.c.objc; path = ASIHTTPRequest.m; sourceTree = "<group>"; };
		9A47577116F1E67D006A9B48 /* ASINetworkQueue.h */ = {isa = PBXFileReference; fileEncoding = 4; lastKnownFileType = sourcecode.c.h; path = ASINetworkQueue.h; sourceTree = "<group>"; };
		9A47577216F1E67D006A9B48 /* ASINetworkQueue.m */ = {isa = PBXFileReference; fileEncoding = 4; lastKnownFileType = sourcecode.c.objc; path = ASINetworkQueue.m; sourceTree = "<group>"; };
		9A47577316F1E67D006A9B48 /* ASICacheDelegate.h */ = {isa = PBXFileReference; fileEncoding = 4; lastKnownFileType = sourcecode.c.h; path = ASICacheDelegate.h; sourceTree = "<group>"; };
		9A47577416F1E67D006A9B48 /* ASIDownloadCache.h */ = {isa = PBXFileReference; fileEncoding = 4; lastKnownFileType = sourcecode.c.h; path = ASIDownloadCache.h; sourceTree = "<group>"; };
		9A47577516F1E67D006A9B48 /* ASIDownloadCache.m */ = {isa = PBXFileReference; fileEncoding = 4; lastKnownFileType = sourcecode.c.objc; path = ASIDownloadCache.m; sourceTree = "<group>"; };
		9A47577616F1E67D006A9B48 /* ASIDataCompressor.h */ = {isa = PBXFileReference; fileEncoding = 4; lastKnownFileType = sourcecode.c.h; path = ASIDataCompressor.h; sourceTree = "<group>"; };
		9A47577716F1E67D006A9B48 /* ASIDataCompressor.m */ = {isa = PBXFileReference; fileEncoding = 4; lastKnownFileType = sourcecode.c.objc; path = ASIDataCompressor.m; sourceTree = "<group>"; };
		9A47577816F1E67D006A9B48 /* ASIDataDecompressor.h */ = {isa = PBXFileReference; fileEncoding = 4; lastKnownFileType = sourcecode.c.h; path = ASIDataDecompressor.h; sourceTree = "<group>"; };
		9A47577916F1E67D006A9B48 /* ASIDataDecompressor.m */ = {isa = PBXFileReference; fileEncoding = 4; lastKnownFileType = sourcecode.c.objc; path = ASIDataDecompressor.m; sourceTree = "<group>"; };
/* End PBXFileReference section */

/* Begin PBXFrameworksBuildPhase section */
		9A32ECD2170380E20089F567 /* Frameworks */ = {
			isa = PBXFrameworksBuildPhase;
			buildActionMask = 2147483647;
			files = (
				9A32ECD6170380E20089F567 /* Foundation.framework in Frameworks */,
				9A32ECF3170381940089F567 /* libxml2.dylib in Frameworks */,
				9A32ECF4170381960089F567 /* libz.dylib in Frameworks */,
			);
			runOnlyForDeploymentPostprocessing = 0;
		};
		9A32ECE2170380F60089F567 /* Frameworks */ = {
			isa = PBXFrameworksBuildPhase;
			buildActionMask = 2147483647;
			files = (
				9A32ECE6170380F60089F567 /* Cocoa.framework in Frameworks */,
				9A32ECF0170381860089F567 /* SystemConfiguration.framework in Frameworks */,
				9A32ECF11703818E0089F567 /* libxml2.dylib in Frameworks */,
				9A32ECF2170381900089F567 /* libz.dylib in Frameworks */,
			);
			runOnlyForDeploymentPostprocessing = 0;
		};
/* End PBXFrameworksBuildPhase section */

/* Begin PBXGroup section */
		9A32ECD7170380E20089F567 /* MangoConnectTouch */ = {
			isa = PBXGroup;
			children = (
				9A32ECDA170380E20089F567 /* MangoConnectTouch.h */,
				9A32ECDC170380E20089F567 /* MangoConnectTouch.m */,
				9A32ECD8170380E20089F567 /* Supporting Files */,
			);
			path = MangoConnectTouch;
			sourceTree = "<group>";
		};
		9A32ECD8170380E20089F567 /* Supporting Files */ = {
			isa = PBXGroup;
			children = (
				9A32ECD9170380E20089F567 /* MangoConnectTouch-Prefix.pch */,
			);
			name = "Supporting Files";
			sourceTree = "<group>";
		};
		9A32ECE7170380F60089F567 /* MangoConnectCocoa */ = {
			isa = PBXGroup;
			children = (
				9A32ECEA170380F60089F567 /* MangoConnectCocoa.h */,
				9A32ECEB170380F60089F567 /* MangoConnectCocoa.m */,
				9A32ECE8170380F60089F567 /* Supporting Files */,
			);
			path = MangoConnectCocoa;
			sourceTree = "<group>";
		};
		9A32ECE8170380F60089F567 /* Supporting Files */ = {
			isa = PBXGroup;
			children = (
				9A32ECE9170380F60089F567 /* MangoConnectCocoa-Prefix.pch */,
			);
			name = "Supporting Files";
			sourceTree = "<group>";
		};
		9A3F3ACA16F15D8D00096E10 = {
			isa = PBXGroup;
			children = (
				9A3F3ADC16F15D8D00096E10 /* MangoConnect */,
				9A32ECD7170380E20089F567 /* MangoConnectTouch */,
				9A32ECE7170380F60089F567 /* MangoConnectCocoa */,
				9A3F3AD516F15D8D00096E10 /* Frameworks */,
				9A3F3AD416F15D8D00096E10 /* Products */,
			);
			sourceTree = "<group>";
		};
		9A3F3AD416F15D8D00096E10 /* Products */ = {
			isa = PBXGroup;
			children = (
				9A32ECD5170380E20089F567 /* libMangoConnectTouch.a */,
				9A32ECE5170380F60089F567 /* MangoConnectCocoa.dylib */,
			);
			name = Products;
			sourceTree = "<group>";
		};
		9A3F3AD516F15D8D00096E10 /* Frameworks */ = {
			isa = PBXGroup;
			children = (
				9A32ECC5170380280089F567 /* Foundation.framework */,
				9A3F3AD616F15D8D00096E10 /* Cocoa.framework */,
				9A3F3B7316F1622100096E10 /* SystemConfiguration.framework */,
				9A3F3B6B16F15FD000096E10 /* libxml2.dylib */,
				9A3F3B6F16F1617300096E10 /* libz.dylib */,
			);
			name = Frameworks;
			sourceTree = "<group>";
		};
		9A3F3ADC16F15D8D00096E10 /* MangoConnect */ = {
			isa = PBXGroup;
			children = (
				9A3F3B0C16F15E4200096E10 /* ASI */,
				9A3F3B5516F15F6600096E10 /* TBXML */,
				9A3F3B6216F15F9E00096E10 /* Additions */,
				9A3F3AEF16F15DF300096E10 /* Classes */,
				9A3F3AED16F15DF000096E10 /* MangoConnect.h */,
			);
			path = MangoConnect;
			sourceTree = "<group>";
		};
		9A3F3AEF16F15DF300096E10 /* Classes */ = {
			isa = PBXGroup;
			children = (
				9A3F3AFE16F15E0200096E10 /* Models */,
				9A3F3AF016F15DFE00096E10 /* MCRequestManager.h */,
				9A3F3AF116F15DFE00096E10 /* MCRequestManager.m */,
				9A3F3AF216F15DFE00096E10 /* MCRequest.h */,
				9A3F3AF316F15DFE00096E10 /* MCRequest.m */,
				9A3F3AF416F15DFE00096E10 /* MCRequestDelegate.h */,
				9A3F3AF516F15DFE00096E10 /* MCResponse.h */,
				9A3F3AF616F15DFE00096E10 /* MCResponse.m */,
			);
			name = Classes;
			sourceTree = "<group>";
		};
		9A3F3AFE16F15E0200096E10 /* Models */ = {
			isa = PBXGroup;
			children = (
				9A3F3AFF16F15E0C00096E10 /* MCModel.h */,
				9A3F3B0016F15E0C00096E10 /* MCModel.m */,
				9A3F3B0116F15E0C00096E10 /* MCObject.h */,
				9A3F3B0216F15E0C00096E10 /* MCObject.m */,
				9A3F3B0316F15E0C00096E10 /* MCObjectCollection.h */,
				9A3F3B0416F15E0C00096E10 /* MCObjectCollection.m */,
			);
			name = Models;
			sourceTree = "<group>";
		};
		9A3F3B0C16F15E4200096E10 /* ASI */ = {
			isa = PBXGroup;
			children = (
				9A47576816F1E67D006A9B48 /* ASIHTTPRequestConfig.h */,
				9A47576916F1E67D006A9B48 /* ASIProgressDelegate.h */,
				9A47576A16F1E67D006A9B48 /* ASIHTTPRequestDelegate.h */,
				9A47576B16F1E67D006A9B48 /* ASIInputStream.h */,
				9A47576C16F1E67D006A9B48 /* ASIInputStream.m */,
				9A47576D16F1E67D006A9B48 /* ASIFormDataRequest.h */,
				9A47576E16F1E67D006A9B48 /* ASIFormDataRequest.m */,
				9A47576F16F1E67D006A9B48 /* ASIHTTPRequest.h */,
				9A47577016F1E67D006A9B48 /* ASIHTTPRequest.m */,
				9A47577116F1E67D006A9B48 /* ASINetworkQueue.h */,
				9A47577216F1E67D006A9B48 /* ASINetworkQueue.m */,
				9A47577316F1E67D006A9B48 /* ASICacheDelegate.h */,
				9A47577416F1E67D006A9B48 /* ASIDownloadCache.h */,
				9A47577516F1E67D006A9B48 /* ASIDownloadCache.m */,
				9A47577616F1E67D006A9B48 /* ASIDataCompressor.h */,
				9A47577716F1E67D006A9B48 /* ASIDataCompressor.m */,
				9A47577816F1E67D006A9B48 /* ASIDataDecompressor.h */,
				9A47577916F1E67D006A9B48 /* ASIDataDecompressor.m */,
			);
			name = ASI;
			sourceTree = "<group>";
		};
		9A3F3B5516F15F6600096E10 /* TBXML */ = {
			isa = PBXGroup;
			children = (
				9A3F3B5616F15F7700096E10 /* TBXML.h */,
				9A3F3B5716F15F7700096E10 /* TBXML.m */,
				9A3F3B5816F15F7700096E10 /* TBXML+Compression.h */,
				9A3F3B5916F15F7700096E10 /* TBXML+Compression.m */,
				9A3F3B5A16F15F7700096E10 /* TBXML+HTTP.h */,
				9A3F3B5B16F15F7700096E10 /* TBXML+HTTP.m */,
			);
			name = TBXML;
			sourceTree = "<group>";
		};
		9A3F3B6216F15F9E00096E10 /* Additions */ = {
			isa = PBXGroup;
			children = (
				9A3F3B6716F15FBE00096E10 /* NSData+Base64.h */,
				9A3F3B6816F15FBE00096E10 /* NSData+Base64.m */,
				9A3F3B6316F15FAC00096E10 /* NSString+Additions.h */,
				9A3F3B6416F15FAC00096E10 /* NSString+Additions.m */,
			);
			name = Additions;
			sourceTree = "<group>";
		};
/* End PBXGroup section */

/* Begin PBXHeadersBuildPhase section */
		9A32ECE3170380F60089F567 /* Headers */ = {
			isa = PBXHeadersBuildPhase;
			buildActionMask = 2147483647;
			files = (
			);
			runOnlyForDeploymentPostprocessing = 0;
		};
/* End PBXHeadersBuildPhase section */

/* Begin PBXNativeTarget section */
		9A32ECD4170380E20089F567 /* MangoConnectTouch */ = {
			isa = PBXNativeTarget;
			buildConfigurationList = 9A32ECDE170380E20089F567 /* Build configuration list for PBXNativeTarget "MangoConnectTouch" */;
			buildPhases = (
				9A32ECD1170380E20089F567 /* Sources */,
				9A32ECD2170380E20089F567 /* Frameworks */,
				9A32ECD3170380E20089F567 /* CopyFiles */,
			);
			buildRules = (
			);
			dependencies = (
			);
			name = MangoConnectTouch;
			productName = MangoConnectTouch;
			productReference = 9A32ECD5170380E20089F567 /* libMangoConnectTouch.a */;
			productType = "com.apple.product-type.library.static";
		};
		9A32ECE4170380F60089F567 /* MangoConnectCocoa */ = {
			isa = PBXNativeTarget;
			buildConfigurationList = 9A32ECED170380F60089F567 /* Build configuration list for PBXNativeTarget "MangoConnectCocoa" */;
			buildPhases = (
				9A32ECE1170380F60089F567 /* Sources */,
				9A32ECE2170380F60089F567 /* Frameworks */,
				9A32ECE3170380F60089F567 /* Headers */,
			);
			buildRules = (
			);
			dependencies = (
			);
			name = MangoConnectCocoa;
			productName = MangoConnectCocoa;
			productReference = 9A32ECE5170380F60089F567 /* MangoConnectCocoa.dylib */;
			productType = "com.apple.product-type.library.dynamic";
		};
/* End PBXNativeTarget section */

/* Begin PBXProject section */
		9A3F3ACB16F15D8D00096E10 /* Project object */ = {
			isa = PBXProject;
			attributes = {
				LastUpgradeCheck = 0460;
				ORGANIZATIONNAME = Movinpixel;
			};
			buildConfigurationList = 9A3F3ACE16F15D8D00096E10 /* Build configuration list for PBXProject "MangoConnect" */;
			compatibilityVersion = "Xcode 3.2";
			developmentRegion = English;
			hasScannedForEncodings = 0;
			knownRegions = (
				en,
			);
			mainGroup = 9A3F3ACA16F15D8D00096E10;
			productRefGroup = 9A3F3AD416F15D8D00096E10 /* Products */;
			projectDirPath = "";
			projectRoot = "";
			targets = (
				9A32ECD4170380E20089F567 /* MangoConnectTouch */,
				9A32ECE4170380F60089F567 /* MangoConnectCocoa */,
			);
		};
/* End PBXProject section */

/* Begin PBXSourcesBuildPhase section */
		9A32ECD1170380E20089F567 /* Sources */ = {
			isa = PBXSourcesBuildPhase;
			buildActionMask = 2147483647;
			files = (
				9A32ECDD170380E20089F567 /* MangoConnectTouch.m in Sources */,
			);
			runOnlyForDeploymentPostprocessing = 0;
		};
		9A32ECE1170380F60089F567 /* Sources */ = {
			isa = PBXSourcesBuildPhase;
			buildActionMask = 2147483647;
			files = (
				9A32ECEC170380F60089F567 /* MangoConnectCocoa.m in Sources */,
			);
			runOnlyForDeploymentPostprocessing = 0;
		};
/* End PBXSourcesBuildPhase section */

/* Begin XCBuildConfiguration section */
		9A32ECDF170380E20089F567 /* Debug */ = {
			isa = XCBuildConfiguration;
			buildSettings = {
				ARCHS = "$(ARCHS_STANDARD_32_BIT)";
				DSTROOT = /tmp/MangoConnectTouch.dst;
				GCC_PRECOMPILE_PREFIX_HEADER = YES;
				GCC_PREFIX_HEADER = "MangoConnectTouch/MangoConnectTouch-Prefix.pch";
				IPHONEOS_DEPLOYMENT_TARGET = 6.1;
				OTHER_LDFLAGS = "-ObjC";
				PRODUCT_NAME = "$(TARGET_NAME)";
				SDKROOT = iphoneos;
				SKIP_INSTALL = YES;
			};
			name = Debug;
		};
		9A32ECE0170380E20089F567 /* Release */ = {
			isa = XCBuildConfiguration;
			buildSettings = {
				ARCHS = "$(ARCHS_STANDARD_32_BIT)";
				DSTROOT = /tmp/MangoConnectTouch.dst;
				GCC_PRECOMPILE_PREFIX_HEADER = YES;
				GCC_PREFIX_HEADER = "MangoConnectTouch/MangoConnectTouch-Prefix.pch";
				IPHONEOS_DEPLOYMENT_TARGET = 6.1;
				OTHER_LDFLAGS = "-ObjC";
				PRODUCT_NAME = "$(TARGET_NAME)";
				SDKROOT = iphoneos;
				SKIP_INSTALL = YES;
				VALIDATE_PRODUCT = YES;
			};
			name = Release;
		};
		9A32ECEE170380F60089F567 /* Debug */ = {
			isa = XCBuildConfiguration;
			buildSettings = {
				DYLIB_COMPATIBILITY_VERSION = 1;
				DYLIB_CURRENT_VERSION = 1;
				GCC_PRECOMPILE_PREFIX_HEADER = YES;
				GCC_PREFIX_HEADER = "MangoConnectCocoa/MangoConnectCocoa-Prefix.pch";
				PRODUCT_NAME = "$(TARGET_NAME)";
			};
			name = Debug;
		};
		9A32ECEF170380F60089F567 /* Release */ = {
			isa = XCBuildConfiguration;
			buildSettings = {
				DYLIB_COMPATIBILITY_VERSION = 1;
				DYLIB_CURRENT_VERSION = 1;
				GCC_PRECOMPILE_PREFIX_HEADER = YES;
				GCC_PREFIX_HEADER = "MangoConnectCocoa/MangoConnectCocoa-Prefix.pch";
				PRODUCT_NAME = "$(TARGET_NAME)";
			};
			name = Release;
		};
		9A3F3AE216F15D8D00096E10 /* Debug */ = {
			isa = XCBuildConfiguration;
			buildSettings = {
				ALWAYS_SEARCH_USER_PATHS = NO;
				ARCHS = "$(ARCHS_STANDARD_64_BIT)";
				CLANG_CXX_LANGUAGE_STANDARD = "gnu++0x";
				CLANG_CXX_LIBRARY = "libc++";
				CLANG_WARN_CONSTANT_CONVERSION = YES;
				CLANG_WARN_EMPTY_BODY = YES;
				CLANG_WARN_ENUM_CONVERSION = YES;
				CLANG_WARN_INT_CONVERSION = YES;
				CLANG_WARN__DUPLICATE_METHOD_MATCH = YES;
				COPY_PHASE_STRIP = NO;
				GCC_C_LANGUAGE_STANDARD = gnu99;
				GCC_DYNAMIC_NO_PIC = NO;
				GCC_ENABLE_OBJC_EXCEPTIONS = YES;
				GCC_OPTIMIZATION_LEVEL = 0;
				GCC_PREPROCESSOR_DEFINITIONS = (
					"DEBUG=1",
					"$(inherited)",
				);
				GCC_SYMBOLS_PRIVATE_EXTERN = NO;
				GCC_WARN_64_TO_32_BIT_CONVERSION = YES;
				GCC_WARN_ABOUT_RETURN_TYPE = YES;
				GCC_WARN_UNINITIALIZED_AUTOS = YES;
				GCC_WARN_UNUSED_VARIABLE = YES;
				MACOSX_DEPLOYMENT_TARGET = 10.8;
				ONLY_ACTIVE_ARCH = YES;
				SDKROOT = macosx;
			};
			name = Debug;
		};
		9A3F3AE316F15D8D00096E10 /* Release */ = {
			isa = XCBuildConfiguration;
			buildSettings = {
				ALWAYS_SEARCH_USER_PATHS = NO;
				ARCHS = "$(ARCHS_STANDARD_64_BIT)";
				CLANG_CXX_LANGUAGE_STANDARD = "gnu++0x";
				CLANG_CXX_LIBRARY = "libc++";
				CLANG_WARN_CONSTANT_CONVERSION = YES;
				CLANG_WARN_EMPTY_BODY = YES;
				CLANG_WARN_ENUM_CONVERSION = YES;
				CLANG_WARN_INT_CONVERSION = YES;
				CLANG_WARN__DUPLICATE_METHOD_MATCH = YES;
				COPY_PHASE_STRIP = YES;
				DEBUG_INFORMATION_FORMAT = "dwarf-with-dsym";
				GCC_C_LANGUAGE_STANDARD = gnu99;
				GCC_ENABLE_OBJC_EXCEPTIONS = YES;
				GCC_WARN_64_TO_32_BIT_CONVERSION = YES;
				GCC_WARN_ABOUT_RETURN_TYPE = YES;
				GCC_WARN_UNINITIALIZED_AUTOS = YES;
				GCC_WARN_UNUSED_VARIABLE = YES;
				MACOSX_DEPLOYMENT_TARGET = 10.8;
				SDKROOT = macosx;
			};
			name = Release;
		};
/* End XCBuildConfiguration section */

/* Begin XCConfigurationList section */
		9A32ECDE170380E20089F567 /* Build configuration list for PBXNativeTarget "MangoConnectTouch" */ = {
			isa = XCConfigurationList;
			buildConfigurations = (
				9A32ECDF170380E20089F567 /* Debug */,
				9A32ECE0170380E20089F567 /* Release */,
			);
			defaultConfigurationIsVisible = 0;
		};
		9A32ECED170380F60089F567 /* Build configuration list for PBXNativeTarget "MangoConnectCocoa" */ = {
			isa = XCConfigurationList;
			buildConfigurations = (
				9A32ECEE170380F60089F567 /* Debug */,
				9A32ECEF170380F60089F567 /* Release */,
			);
			defaultConfigurationIsVisible = 0;
		};
		9A3F3ACE16F15D8D00096E10 /* Build configuration list for PBXProject "MangoConnect" */ = {
			isa = XCConfigurationList;
			buildConfigurations = (
				9A3F3AE216F15D8D00096E10 /* Debug */,
				9A3F3AE316F15D8D00096E10 /* Release */,
			);
			defaultConfigurationIsVisible = 0;
			defaultConfigurationName = Release;
		};
/* End XCConfigurationList section */
	};
	rootObject = 9A3F3ACB16F15D8D00096E10 /* Project object */;
}
